
Microsoft Visual Studio Solution File, Format Version 12.00
# Visual Studio 15
VisualStudioVersion = 15.0.27130.2010
MinimumVisualStudioVersion = 10.0.40219.1
Project("{FAE04EC0-301F-11D3-BF4B-00C04F79EFBC}") = "Ovning30", "Ovning30\Ovning30.csproj", "{C4F6EC88-F00C-499D-B0A4-86140E2A2A40}"
EndProject
Project("{FAE04EC0-301F-11D3-BF4B-00C04F79EFBC}") = "CRUDTest", "CRUDTest\CRUDTest.csproj", "{275D6BDF-D069-4FCA-8FB1-2483A1DF1A5D}"
EndProject
Global
	GlobalSection(SolutionConfigurationPlatforms) = preSolution
		Debug|Any CPU = Debug|Any CPU
		Release|Any CPU = Release|Any CPU
	EndGlobalSection
	GlobalSection(ProjectConfigurationPlatforms) = postSolution
		{C4F6EC88-F00C-499D-B0A4-86140E2A2A40}.Debug|Any CPU.ActiveCfg = Debug|Any CPU
		{C4F6EC88-F00C-499D-B0A4-86140E2A2A40}.Debug|Any CPU.Build.0 = Debug|Any CPU
		{C4F6EC88-F00C-499D-B0A4-86140E2A2A40}.Release|Any CPU.ActiveCfg = Release|Any CPU
		{C4F6EC88-F00C-499D-B0A4-86140E2A2A40}.Release|Any CPU.Build.0 = Release|Any CPU
		{275D6BDF-D069-4FCA-8FB1-2483A1DF1A5D}.Debug|Any CPU.ActiveCfg = Debug|Any CPU
		{275D6BDF-D069-4FCA-8FB1-2483A1DF1A5D}.Debug|Any CPU.Build.0 = Debug|Any CPU
		{275D6BDF-D069-4FCA-8FB1-2483A1DF1A5D}.Release|Any CPU.ActiveCfg = Release|Any CPU
		{275D6BDF-D069-4FCA-8FB1-2483A1DF1A5D}.Release|Any CPU.Build.0 = Release|Any CPU
	EndGlobalSection
	GlobalSection(SolutionProperties) = preSolution
		HideSolutionNode = FALSE
	EndGlobalSection
	GlobalSection(ExtensibilityGlobals) = postSolution
		SolutionGuid = {FE52D495-8449-45B8-9842-8A39409D5019}
	EndGlobalSection
EndGlobal
